// !$*UTF8*$!
{
	archiveVersion = 1;
	classes = {
	};
	objectVersion = 46;
	objects = {

/* Begin PBXBuildFile section */
		8B8E6ED61F17CCB400363A72 /* AppDelegate.swift in Sources */ = {isa = PBXBuildFile; fileRef = 8B8E6ED51F17CCB400363A72 /* AppDelegate.swift */; };
		8B8E6ED81F17CCB400363A72 /* ViewController.swift in Sources */ = {isa = PBXBuildFile; fileRef = 8B8E6ED71F17CCB400363A72 /* ViewController.swift */; };
		8B8E6EDB1F17CCB400363A72 /* Main.storyboard in Resources */ = {isa = PBXBuildFile; fileRef = 8B8E6ED91F17CCB400363A72 /* Main.storyboard */; };
		8B8E6EDD1F17CCB400363A72 /* Assets.xcassets in Resources */ = {isa = PBXBuildFile; fileRef = 8B8E6EDC1F17CCB400363A72 /* Assets.xcassets */; };
		8B8E6EE01F17CCB400363A72 /* LaunchScreen.storyboard in Resources */ = {isa = PBXBuildFile; fileRef = 8B8E6EDE1F17CCB400363A72 /* LaunchScreen.storyboard */; };
		8B8E6EEB1F17CCB400363A72 /* RetroCalculatorTests.swift in Sources */ = {isa = PBXBuildFile; fileRef = 8B8E6EEA1F17CCB400363A72 /* RetroCalculatorTests.swift */; };
		8B8E6EF61F17CCB400363A72 /* RetroCalculatorUITests.swift in Sources */ = {isa = PBXBuildFile; fileRef = 8B8E6EF51F17CCB400363A72 /* RetroCalculatorUITests.swift */; };
		8B8E6F0C1F17CF1400363A72 /* btn.wav in Resources */ = {isa = PBXBuildFile; fileRef = 8B8E6F0B1F17CF1400363A72 /* btn.wav */; };
		8B8E6F0D1F17CF1400363A72 /* btn.wav in Resources */ = {isa = PBXBuildFile; fileRef = 8B8E6F0B1F17CF1400363A72 /* btn.wav */; };
		8B8E6F0E1F17CF1400363A72 /* btn.wav in Resources */ = {isa = PBXBuildFile; fileRef = 8B8E6F0B1F17CF1400363A72 /* btn.wav */; };
		8B8E6F101F17CF2A00363A72 /* Minecraft.ttf in Resources */ = {isa = PBXBuildFile; fileRef = 8B8E6F0F1F17CF2A00363A72 /* Minecraft.ttf */; };
		8B8E6F111F17CF2A00363A72 /* Minecraft.ttf in Resources */ = {isa = PBXBuildFile; fileRef = 8B8E6F0F1F17CF2A00363A72 /* Minecraft.ttf */; };
		8B8E6F121F17CF2A00363A72 /* Minecraft.ttf in Resources */ = {isa = PBXBuildFile; fileRef = 8B8E6F0F1F17CF2A00363A72 /* Minecraft.ttf */; };
/* End PBXBuildFile section */

/* Begin PBXContainerItemProxy section */
		8B8E6EE71F17CCB400363A72 /* PBXContainerItemProxy */ = {
			isa = PBXContainerItemProxy;
			containerPortal = 8B8E6ECA1F17CCB400363A72 /* Project object */;
			proxyType = 1;
			remoteGlobalIDString = 8B8E6ED11F17CCB400363A72;
			remoteInfo = RetroCalculator;
		};
		8B8E6EF21F17CCB400363A72 /* PBXContainerItemProxy */ = {
			isa = PBXContainerItemProxy;
			containerPortal = 8B8E6ECA1F17CCB400363A72 /* Project object */;
			proxyType = 1;
			remoteGlobalIDString = 8B8E6ED11F17CCB400363A72;
			remoteInfo = RetroCalculator;
		};
/* End PBXContainerItemProxy section */

/* Begin PBXFileReference section */
		8B8E6ED21F17CCB400363A72 /* RetroCalculator.app */ = {isa = PBXFileReference; explicitFileType = wrapper.application; includeInIndex = 0; path = RetroCalculator.app; sourceTree = BUILT_PRODUCTS_DIR; };
		8B8E6ED51F17CCB400363A72 /* AppDelegate.swift */ = {isa = PBXFileReference; lastKnownFileType = sourcecode.swift; path = AppDelegate.swift; sourceTree = "<group>"; };
		8B8E6ED71F17CCB400363A72 /* ViewController.swift */ = {isa = PBXFileReference; lastKnownFileType = sourcecode.swift; path = ViewController.swift; sourceTree = "<group>"; };
		8B8E6EDA1F17CCB400363A72 /* Base */ = {isa = PBXFileReference; lastKnownFileType = file.storyboard; name = Base; path = Base.lproj/Main.storyboard; sourceTree = "<group>"; };
		8B8E6EDC1F17CCB400363A72 /* Assets.xcassets */ = {isa = PBXFileReference; lastKnownFileType = folder.assetcatalog; path = Assets.xcassets; sourceTree = "<group>"; };
		8B8E6EDF1F17CCB400363A72 /* Base */ = {isa = PBXFileReference; lastKnownFileType = file.storyboard; name = Base; path = Base.lproj/LaunchScreen.storyboard; sourceTree = "<group>"; };
		8B8E6EE11F17CCB400363A72 /* Info.plist */ = {isa = PBXFileReference; lastKnownFileType = text.plist.xml; path = Info.plist; sourceTree = "<group>"; };
		8B8E6EE61F17CCB400363A72 /* RetroCalculatorTests.xctest */ = {isa = PBXFileReference; explicitFileType = wrapper.cfbundle; includeInIndex = 0; path = RetroCalculatorTests.xctest; sourceTree = BUILT_PRODUCTS_DIR; };
		8B8E6EEA1F17CCB400363A72 /* RetroCalculatorTests.swift */ = {isa = PBXFileReference; lastKnownFileType = sourcecode.swift; path = RetroCalculatorTests.swift; sourceTree = "<group>"; };
		8B8E6EEC1F17CCB400363A72 /* Info.plist */ = {isa = PBXFileReference; lastKnownFileType = text.plist.xml; path = Info.plist; sourceTree = "<group>"; };
		8B8E6EF11F17CCB400363A72 /* RetroCalculatorUITests.xctest */ = {isa = PBXFileReference; explicitFileType = wrapper.cfbundle; includeInIndex = 0; path = RetroCalculatorUITests.xctest; sourceTree = BUILT_PRODUCTS_DIR; };
		8B8E6EF51F17CCB400363A72 /* RetroCalculatorUITests.swift */ = {isa = PBXFileReference; lastKnownFileType = sourcecode.swift; path = RetroCalculatorUITests.swift; sourceTree = "<group>"; };
		8B8E6EF71F17CCB400363A72 /* Info.plist */ = {isa = PBXFileReference; lastKnownFileType = text.plist.xml; path = Info.plist; sourceTree = "<group>"; };
		8B8E6F0B1F17CF1400363A72 /* btn.wav */ = {isa = PBXFileReference; lastKnownFileType = audio.wav; path = btn.wav; sourceTree = "<group>"; };
		8B8E6F0F1F17CF2A00363A72 /* Minecraft.ttf */ = {isa = PBXFileReference; lastKnownFileType = file; path = Minecraft.ttf; sourceTree = "<group>"; };
/* End PBXFileReference section */

/* Begin PBXFrameworksBuildPhase section */
		8B8E6ECF1F17CCB400363A72 /* Frameworks */ = {
			isa = PBXFrameworksBuildPhase;
			buildActionMask = 2147483647;
			files = (
			);
			runOnlyForDeploymentPostprocessing = 0;
		};
		8B8E6EE31F17CCB400363A72 /* Frameworks */ = {
			isa = PBXFrameworksBuildPhase;
			buildActionMask = 2147483647;
			files = (
			);
			runOnlyForDeploymentPostprocessing = 0;
		};
		8B8E6EEE1F17CCB400363A72 /* Frameworks */ = {
			isa = PBXFrameworksBuildPhase;
			buildActionMask = 2147483647;
			files = (
			);
			runOnlyForDeploymentPostprocessing = 0;
		};
/* End PBXFrameworksBuildPhase section */

/* Begin PBXGroup section */
		8B8E6EC91F17CCB400363A72 = {
			isa = PBXGroup;
			children = (
				8B8E6ED41F17CCB400363A72 /* RetroCalculator */,
				8B8E6EE91F17CCB400363A72 /* RetroCalculatorTests */,
				8B8E6EF41F17CCB400363A72 /* RetroCalculatorUITests */,
				8B8E6ED31F17CCB400363A72 /* Products */,
			);
			sourceTree = "<group>";
		};
		8B8E6ED31F17CCB400363A72 /* Products */ = {
			isa = PBXGroup;
			children = (
				8B8E6ED21F17CCB400363A72 /* RetroCalculator.app */,
				8B8E6EE61F17CCB400363A72 /* RetroCalculatorTests.xctest */,
				8B8E6EF11F17CCB400363A72 /* RetroCalculatorUITests.xctest */,
			);
			name = Products;
			sourceTree = "<group>";
		};
		8B8E6ED41F17CCB400363A72 /* RetroCalculator */ = {
			isa = PBXGroup;
			children = (
				8B8E6F0F1F17CF2A00363A72 /* Minecraft.ttf */,
				8B8E6F0B1F17CF1400363A72 /* btn.wav */,
				8B8E6ED51F17CCB400363A72 /* AppDelegate.swift */,
				8B8E6ED71F17CCB400363A72 /* ViewController.swift */,
				8B8E6ED91F17CCB400363A72 /* Main.storyboard */,
				8B8E6EDC1F17CCB400363A72 /* Assets.xcassets */,
				8B8E6EDE1F17CCB400363A72 /* LaunchScreen.storyboard */,
				8B8E6EE11F17CCB400363A72 /* Info.plist */,
			);
			path = RetroCalculator;
			sourceTree = "<group>";
		};
		8B8E6EE91F17CCB400363A72 /* RetroCalculatorTests */ = {
			isa = PBXGroup;
			children = (
				8B8E6EEA1F17CCB400363A72 /* RetroCalculatorTests.swift */,
				8B8E6EEC1F17CCB400363A72 /* Info.plist */,
			);
			path = RetroCalculatorTests;
			sourceTree = "<group>";
		};
		8B8E6EF41F17CCB400363A72 /* RetroCalculatorUITests */ = {
			isa = PBXGroup;
			children = (
				8B8E6EF51F17CCB400363A72 /* RetroCalculatorUITests.swift */,
				8B8E6EF71F17CCB400363A72 /* Info.plist */,
			);
			path = RetroCalculatorUITests;
			sourceTree = "<group>";
		};
/* End PBXGroup section */

/* Begin PBXNativeTarget section */
		8B8E6ED11F17CCB400363A72 /* RetroCalculator */ = {
			isa = PBXNativeTarget;
			buildConfigurationList = 8B8E6EFA1F17CCB400363A72 /* Build configuration list for PBXNativeTarget "RetroCalculator" */;
			buildPhases = (
				8B8E6ECE1F17CCB400363A72 /* Sources */,
				8B8E6ECF1F17CCB400363A72 /* Frameworks */,
				8B8E6ED01F17CCB400363A72 /* Resources */,
			);
			buildRules = (
			);
			dependencies = (
			);
			name = RetroCalculator;
			productName = RetroCalculator;
			productReference = 8B8E6ED21F17CCB400363A72 /* RetroCalculator.app */;
			productType = "com.apple.product-type.application";
		};
		8B8E6EE51F17CCB400363A72 /* RetroCalculatorTests */ = {
			isa = PBXNativeTarget;
			buildConfigurationList = 8B8E6EFD1F17CCB400363A72 /* Build configuration list for PBXNativeTarget "RetroCalculatorTests" */;
			buildPhases = (
				8B8E6EE21F17CCB400363A72 /* Sources */,
				8B8E6EE31F17CCB400363A72 /* Frameworks */,
				8B8E6EE41F17CCB400363A72 /* Resources */,
			);
			buildRules = (
			);
			dependencies = (
				8B8E6EE81F17CCB400363A72 /* PBXTargetDependency */,
			);
			name = RetroCalculatorTests;
			productName = RetroCalculatorTests;
			productReference = 8B8E6EE61F17CCB400363A72 /* RetroCalculatorTests.xctest */;
			productType = "com.apple.product-type.bundle.unit-test";
		};
		8B8E6EF01F17CCB400363A72 /* RetroCalculatorUITests */ = {
			isa = PBXNativeTarget;
			buildConfigurationList = 8B8E6F001F17CCB400363A72 /* Build configuration list for PBXNativeTarget "RetroCalculatorUITests" */;
			buildPhases = (
				8B8E6EED1F17CCB400363A72 /* Sources */,
				8B8E6EEE1F17CCB400363A72 /* Frameworks */,
				8B8E6EEF1F17CCB400363A72 /* Resources */,
			);
			buildRules = (
			);
			dependencies = (
				8B8E6EF31F17CCB400363A72 /* PBXTargetDependency */,
			);
			name = RetroCalculatorUITests;
			productName = RetroCalculatorUITests;
			productReference = 8B8E6EF11F17CCB400363A72 /* RetroCalculatorUITests.xctest */;
			productType = "com.apple.product-type.bundle.ui-testing";
		};
/* End PBXNativeTarget section */

/* Begin PBXProject section */
		8B8E6ECA1F17CCB400363A72 /* Project object */ = {
			isa = PBXProject;
			attributes = {
				LastSwiftUpdateCheck = 0830;
				LastUpgradeCheck = 0830;
				ORGANIZATIONNAME = developer;
				TargetAttributes = {
					8B8E6ED11F17CCB400363A72 = {
						CreatedOnToolsVersion = 8.3.3;
						DevelopmentTeam = NN3SXTF85Z;
						ProvisioningStyle = Automatic;
					};
					8B8E6EE51F17CCB400363A72 = {
						CreatedOnToolsVersion = 8.3.3;
						DevelopmentTeam = NN3SXTF85Z;
						ProvisioningStyle = Automatic;
						TestTargetID = 8B8E6ED11F17CCB400363A72;
					};
					8B8E6EF01F17CCB400363A72 = {
						CreatedOnToolsVersion = 8.3.3;
						DevelopmentTeam = NN3SXTF85Z;
						ProvisioningStyle = Automatic;
						TestTargetID = 8B8E6ED11F17CCB400363A72;
					};
				};
			};
			buildConfigurationList = 8B8E6ECD1F17CCB400363A72 /* Build configuration list for PBXProject "RetroCalculator" */;
			compatibilityVersion = "Xcode 3.2";
			developmentRegion = English;
			hasScannedForEncodings = 0;
			knownRegions = (
				en,
				Base,
			);
			mainGroup = 8B8E6EC91F17CCB400363A72;
			productRefGroup = 8B8E6ED31F17CCB400363A72 /* Products */;
			projectDirPath = "";
			projectRoot = "";
			targets = (
				8B8E6ED11F17CCB400363A72 /* RetroCalculator */,
				8B8E6EE51F17CCB400363A72 /* RetroCalculatorTests */,
				8B8E6EF01F17CCB400363A72 /* RetroCalculatorUITests */,
			);
		};
/* End PBXProject section */

/* Begin PBXResourcesBuildPhase section */
		8B8E6ED01F17CCB400363A72 /* Resources */ = {
			isa = PBXResourcesBuildPhase;
			buildActionMask = 2147483647;
			files = (
				8B8E6EE01F17CCB400363A72 /* LaunchScreen.storyboard in Resources */,
				8B8E6EDD1F17CCB400363A72 /* Assets.xcassets in Resources */,
				8B8E6F101F17CF2A00363A72 /* Minecraft.ttf in Resources */,
				8B8E6EDB1F17CCB400363A72 /* Main.storyboard in Resources */,
				8B8E6F0C1F17CF1400363A72 /* btn.wav in Resources */,
			);
			runOnlyForDeploymentPostprocessing = 0;
		};
		8B8E6EE41F17CCB400363A72 /* Resources */ = {
			isa = PBXResourcesBuildPhase;
			buildActionMask = 2147483647;
			files = (
				8B8E6F111F17CF2A00363A72 /* Minecraft.ttf in Resources */,
				8B8E6F0D1F17CF1400363A72 /* btn.wav in Resources */,
			);
			runOnlyForDeploymentPostprocessing = 0;
		};
		8B8E6EEF1F17CCB400363A72 /* Resources */ = {
			isa = PBXResourcesBuildPhase;
			buildActionMask = 2147483647;
			files = (
				8B8E6F121F17CF2A00363A72 /* Minecraft.ttf in Resources */,
				8B8E6F0E1F17CF1400363A72 /* btn.wav in Resources */,
			);
			runOnlyForDeploymentPostprocessing = 0;
		};
/* End PBXResourcesBuildPhase section */

/* Begin PBXSourcesBuildPhase section */
		8B8E6ECE1F17CCB400363A72 /* Sources */ = {
			isa = PBXSourcesBuildPhase;
			buildActionMask = 2147483647;
			files = (
				8B8E6ED81F17CCB400363A72 /* ViewController.swift in Sources */,
				8B8E6ED61F17CCB400363A72 /* AppDelegate.swift in Sources */,
			);
			runOnlyForDeploymentPostprocessing = 0;
		};
		8B8E6EE21F17CCB400363A72 /* Sources */ = {
			isa = PBXSourcesBuildPhase;
			buildActionMask = 2147483647;
			files = (
				8B8E6EEB1F17CCB400363A72 /* RetroCalculatorTests.swift in Sources */,
			);
			runOnlyForDeploymentPostprocessing = 0;
		};
		8B8E6EED1F17CCB400363A72 /* Sources */ = {
			isa = PBXSourcesBuildPhase;
			buildActionMask = 2147483647;
			files = (
				8B8E6EF61F17CCB400363A72 /* RetroCalculatorUITests.swift in Sources */,
			);
			runOnlyForDeploymentPostprocessing = 0;
		};
/* End PBXSourcesBuildPhase section */

/* Begin PBXTargetDependency section */
		8B8E6EE81F17CCB400363A72 /* PBXTargetDependency */ = {
			isa = PBXTargetDependency;
			target = 8B8E6ED11F17CCB400363A72 /* RetroCalculator */;
			targetProxy = 8B8E6EE71F17CCB400363A72 /* PBXContainerItemProxy */;
		};
		8B8E6EF31F17CCB400363A72 /* PBXTargetDependency */ = {
			isa = PBXTargetDependency;
			target = 8B8E6ED11F17CCB400363A72 /* RetroCalculator */;
			targetProxy = 8B8E6EF21F17CCB400363A72 /* PBXContainerItemProxy */;
		};
/* End PBXTargetDependency section */

/* Begin PBXVariantGroup section */
		8B8E6ED91F17CCB400363A72 /* Main.storyboard */ = {
			isa = PBXVariantGroup;
			children = (
				8B8E6EDA1F17CCB400363A72 /* Base */,
			);
			name = Main.storyboard;
			sourceTree = "<group>";
		};
		8B8E6EDE1F17CCB400363A72 /* LaunchScreen.storyboard */ = {
			isa = PBXVariantGroup;
			children = (
				8B8E6EDF1F17CCB400363A72 /* Base */,
			);
			name = LaunchScreen.storyboard;
			sourceTree = "<group>";
		};
/* End PBXVariantGroup section */

/* Begin XCBuildConfiguration section */
		8B8E6EF81F17CCB400363A72 /* Debug */ = {
			isa = XCBuildConfiguration;
			buildSettings = {
				ALWAYS_SEARCH_USER_PATHS = NO;
				CLANG_ANALYZER_NONNULL = YES;
				CLANG_ANALYZER_NUMBER_OBJECT_CONVERSION = YES_AGGRESSIVE;
				CLANG_CXX_LANGUAGE_STANDARD = "gnu++0x";
				CLANG_CXX_LIBRARY = "libc++";
				CLANG_ENABLE_MODULES = YES;
				CLANG_ENABLE_OBJC_ARC = YES;
				CLANG_WARN_BOOL_CONVERSION = YES;
				CLANG_WARN_CONSTANT_CONVERSION = YES;
				CLANG_WARN_DIRECT_OBJC_ISA_USAGE = YES_ERROR;
				CLANG_WARN_DOCUMENTATION_COMMENTS = YES;
				CLANG_WARN_EMPTY_BODY = YES;
				CLANG_WARN_ENUM_CONVERSION = YES;
				CLANG_WARN_INFINITE_RECURSION = YES;
				CLANG_WARN_INT_CONVERSION = YES;
				CLANG_WARN_OBJC_ROOT_CLASS = YES_ERROR;
				CLANG_WARN_SUSPICIOUS_MOVE = YES;
				CLANG_WARN_UNREACHABLE_CODE = YES;
				CLANG_WARN__DUPLICATE_METHOD_MATCH = YES;
				"CODE_SIGN_IDENTITY[sdk=iphoneos*]" = "iPhone Developer";
				COPY_PHASE_STRIP = NO;
				DEBUG_INFORMATION_FORMAT = dwarf;
				ENABLE_STRICT_OBJC_MSGSEND = YES;
				ENABLE_TESTABILITY = YES;
				GCC_C_LANGUAGE_STANDARD = gnu99;
				GCC_DYNAMIC_NO_PIC = NO;
				GCC_NO_COMMON_BLOCKS = YES;
				GCC_OPTIMIZATION_LEVEL = 0;
				GCC_PREPROCESSOR_DEFINITIONS = (
					"DEBUG=1",
					"$(inherited)",
				);
				GCC_WARN_64_TO_32_BIT_CONVERSION = YES;
				GCC_WARN_ABOUT_RETURN_TYPE = YES_ERROR;
				GCC_WARN_UNDECLARED_SELECTOR = YES;
				GCC_WARN_UNINITIALIZED_AUTOS = YES_AGGRESSIVE;
				GCC_WARN_UNUSED_FUNCTION = YES;
				GCC_WARN_UNUSED_VARIABLE = YES;
				IPHONEOS_DEPLOYMENT_TARGET = 10.3;
				MTL_ENABLE_DEBUG_INFO = YES;
				ONLY_ACTIVE_ARCH = YES;
				SDKROOT = iphoneos;
				SWIFT_ACTIVE_COMPILATION_CONDITIONS = DEBUG;
				SWIFT_OPTIMIZATION_LEVEL = "-Onone";
				TARGETED_DEVICE_FAMILY = "1,2";
			};
			name = Debug;
		};
		8B8E6EF91F17CCB400363A72 /* Release */ = {
			isa = XCBuildConfiguration;
			buildSettings = {
				ALWAYS_SEARCH_USER_PATHS = NO;
				CLANG_ANALYZER_NONNULL = YES;
				CLANG_ANALYZER_NUMBER_OBJECT_CONVERSION = YES_AGGRESSIVE;
				CLANG_CXX_LANGUAGE_STANDARD = "gnu++0x";
				CLANG_CXX_LIBRARY = "libc++";
				CLANG_ENABLE_MODULES = YES;
				CLANG_ENABLE_OBJC_ARC = YES;
				CLANG_WARN_BOOL_CONVERSION = YES;
				CLANG_WARN_CONSTANT_CONVERSION = YES;
				CLANG_WARN_DIRECT_OBJC_ISA_USAGE = YES_ERROR;
				CLANG_WARN_DOCUMENTATION_COMMENTS = YES;
				CLANG_WARN_EMPTY_BODY = YES;
				CLANG_WARN_ENUM_CONVERSION = YES;
				CLANG_WARN_INFINITE_RECURSION = YES;
				CLANG_WARN_INT_CONVERSION = YES;
				CLANG_WARN_OBJC_ROOT_CLASS = YES_ERROR;
				CLANG_WARN_SUSPICIOUS_MOVE = YES;
				CLANG_WARN_UNREACHABLE_CODE = YES;
				CLANG_WARN__DUPLICATE_METHOD_MATCH = YES;
				"CODE_SIGN_IDENTITY[sdk=iphoneos*]" = "iPhone Developer";
				COPY_PHASE_STRIP = NO;
				DEBUG_INFORMATION_FORMAT = "dwarf-with-dsym";
				ENABLE_NS_ASSERTIONS = NO;
				ENABLE_STRICT_OBJC_MSGSEND = YES;
				GCC_C_LANGUAGE_STANDARD = gnu99;
				GCC_NO_COMMON_BLOCKS = YES;
				GCC_WARN_64_TO_32_BIT_CONVERSION = YES;
				GCC_WARN_ABOUT_RETURN_TYPE = YES_ERROR;
				GCC_WARN_UNDECLARED_SELECTOR = YES;
				GCC_WARN_UNINITIALIZED_AUTOS = YES_AGGRESSIVE;
				GCC_WARN_UNUSED_FUNCTION = YES;
				GCC_WARN_UNUSED_VARIABLE = YES;
				IPHONEOS_DEPLOYMENT_TARGET = 10.3;
				MTL_ENABLE_DEBUG_INFO = NO;
				SDKROOT = iphoneos;
				SWIFT_OPTIMIZATION_LEVEL = "-Owholemodule";
				TARGETED_DEVICE_FAMILY = "1,2";
				VALIDATE_PRODUCT = YES;
			};
			name = Release;
		};
		8B8E6EFB1F17CCB400363A72 /* Debug */ = {
			isa = XCBuildConfiguration;
			buildSettings = {
				ASSETCATALOG_COMPILER_APPICON_NAME = AppIcon;
				DEVELOPMENT_TEAM = NN3SXTF85Z;
				INFOPLIST_FILE = RetroCalculator/Info.plist;
				LD_RUNPATH_SEARCH_PATHS = "$(inherited) @executable_path/Frameworks";
				PRODUCT_BUNDLE_IDENTIFIER = com.developer.RetroCalculator;
				PRODUCT_NAME = "$(TARGET_NAME)";
				SWIFT_VERSION = 3.0;
			};
			name = Debug;
		};
		8B8E6EFC1F17CCB400363A72 /* Release */ = {
			isa = XCBuildConfiguration;
			buildSettings = {
				ASSETCATALOG_COMPILER_APPICON_NAME = AppIcon;
				DEVELOPMENT_TEAM = NN3SXTF85Z;
				INFOPLIST_FILE = RetroCalculator/Info.plist;
				LD_RUNPATH_SEARCH_PATHS = "$(inherited) @executable_path/Frameworks";
				PRODUCT_BUNDLE_IDENTIFIER = com.developer.RetroCalculator;
				PRODUCT_NAME = "$(TARGET_NAME)";
				SWIFT_VERSION = 3.0;
			};
			name = Release;
		};
		8B8E6EFE1F17CCB400363A72 /* Debug */ = {
			isa = XCBuildConfiguration;
			buildSettings = {
				ALWAYS_EMBED_SWIFT_STANDARD_LIBRARIES = YES;
				BUNDLE_LOADER = "$(TEST_HOST)";
				DEVELOPMENT_TEAM = NN3SXTF85Z;
				INFOPLIST_FILE = RetroCalculatorTests/Info.plist;
				LD_RUNPATH_SEARCH_PATHS = "$(inherited) @executable_path/Frameworks @loader_path/Frameworks";
				PRODUCT_BUNDLE_IDENTIFIER = com.developer.RetroCalculatorTests;
				PRODUCT_NAME = "$(TARGET_NAME)";
				SWIFT_VERSION = 3.0;
				TEST_HOST = "$(BUILT_PRODUCTS_DIR)/RetroCalculator.app/RetroCalculator";
			};
			name = Debug;
		};
		8B8E6EFF1F17CCB400363A72 /* Release */ = {
			isa = XCBuildConfiguration;
			buildSettings = {
				ALWAYS_EMBED_SWIFT_STANDARD_LIBRARIES = YES;
				BUNDLE_LOADER = "$(TEST_HOST)";
				DEVELOPMENT_TEAM = NN3SXTF85Z;
				INFOPLIST_FILE = RetroCalculatorTests/Info.plist;
				LD_RUNPATH_SEARCH_PATHS = "$(inherited) @executable_path/Frameworks @loader_path/Frameworks";
				PRODUCT_BUNDLE_IDENTIFIER = com.developer.RetroCalculatorTests;
				PRODUCT_NAME = "$(TARGET_NAME)";
				SWIFT_VERSION = 3.0;
				TEST_HOST = "$(BUILT_PRODUCTS_DIR)/RetroCalculator.app/RetroCalculator";
			};
			name = Release;
		};
		8B8E6F011F17CCB400363A72 /* Debug */ = {
			isa = XCBuildConfiguration;
			buildSettings = {
				ALWAYS_EMBED_SWIFT_STANDARD_LIBRARIES = YES;
				DEVELOPMENT_TEAM = NN3SXTF85Z;
				INFOPLIST_FILE = RetroCalculatorUITests/Info.plist;
				LD_RUNPATH_SEARCH_PATHS = "$(inherited) @executable_path/Frameworks @loader_path/Frameworks";
				PRODUCT_BUNDLE_IDENTIFIER = com.developer.RetroCalculatorUITests;
				PRODUCT_NAME = "$(TARGET_NAME)";
				SWIFT_VERSION = 3.0;
				TEST_TARGET_NAME = RetroCalculator;
			};
			name = Debug;
		};
		8B8E6F021F17CCB400363A72 /* Release */ = {
			isa = XCBuildConfiguration;
			buildSettings = {
				ALWAYS_EMBED_SWIFT_STANDARD_LIBRARIES = YES;
				DEVELOPMENT_TEAM = NN3SXTF85Z;
				INFOPLIST_FILE = RetroCalculatorUITests/Info.plist;
				LD_RUNPATH_SEARCH_PATHS = "$(inherited) @executable_path/Frameworks @loader_path/Frameworks";
				PRODUCT_BUNDLE_IDENTIFIER = com.developer.RetroCalculatorUITests;
				PRODUCT_NAME = "$(TARGET_NAME)";
				SWIFT_VERSION = 3.0;
				TEST_TARGET_NAME = RetroCalculator;
			};
			name = Release;
		};
/* End XCBuildConfiguration section */

/* Begin XCConfigurationList section */
		8B8E6ECD1F17CCB400363A72 /* Build configuration list for PBXProject "RetroCalculator" */ = {
			isa = XCConfigurationList;
			buildConfigurations = (
				8B8E6EF81F17CCB400363A72 /* Debug */,
				8B8E6EF91F17CCB400363A72 /* Release */,
			);
			defaultConfigurationIsVisible = 0;
			defaultConfigurationName = Release;
		};
		8B8E6EFA1F17CCB400363A72 /* Build configuration list for PBXNativeTarget "RetroCalculator" */ = {
			isa = XCConfigurationList;
			buildConfigurations = (
				8B8E6EFB1F17CCB400363A72 /* Debug */,
				8B8E6EFC1F17CCB400363A72 /* Release */,
			);
			defaultConfigurationIsVisible = 0;
		};
		8B8E6EFD1F17CCB400363A72 /* Build configuration list for PBXNativeTarget "RetroCalculatorTests" */ = {
			isa = XCConfigurationList;
			buildConfigurations = (
				8B8E6EFE1F17CCB400363A72 /* Debug */,
				8B8E6EFF1F17CCB400363A72 /* Release */,
			);
			defaultConfigurationIsVisible = 0;
		};
		8B8E6F001F17CCB400363A72 /* Build configuration list for PBXNativeTarget "RetroCalculatorUITests" */ = {
			isa = XCConfigurationList;
			buildConfigurations = (
				8B8E6F011F17CCB400363A72 /* Debug */,
				8B8E6F021F17CCB400363A72 /* Release */,
			);
			defaultConfigurationIsVisible = 0;
		};
/* End XCConfigurationList section */
	};
	rootObject = 8B8E6ECA1F17CCB400363A72 /* Project object */;
}
